
Microsoft Visual Studio Solution File, Format Version 12.00
# Visual Studio Version 17
VisualStudioVersion = 17.11.35208.52
MinimumVisualStudioVersion = 10.0.40219.1
Project("{FAE04EC0-301F-11D3-BF4B-00C04F79EFBC}") = "LaboratoryGame", "LaboratoryGame.csproj", "{CE17EFED-E9ED-4C70-B113-4510C13A1204}"
EndProject
Global
	GlobalSection(SolutionConfigurationPlatforms) = preSolution
		Debug|Any CPU = Debug|Any CPU
		Release|Any CPU = Release|Any CPU
	EndGlobalSection
	GlobalSection(ProjectConfigurationPlatforms) = postSolution
		{CE17EFED-E9ED-4C70-B113-4510C13A1204}.Debug|Any CPU.ActiveCfg = Debug|Any CPU
		{CE17EFED-E9ED-4C70-B113-4510C13A1204}.Debug|Any CPU.Build.0 = Debug|Any CPU
		{CE17EFED-E9ED-4C70-B113-4510C13A1204}.Release|Any CPU.ActiveCfg = Release|Any CPU
		{CE17EFED-E9ED-4C70-B113-4510C13A1204}.Release|Any CPU.Build.0 = Release|Any CPU
	EndGlobalSection
	GlobalSection(SolutionProperties) = preSolution
		HideSolutionNode = FALSE
	EndGlobalSection
	GlobalSection(ExtensibilityGlobals) = postSolution
		SolutionGuid = {3068CD29-D75F-43B5-9CDA-E026B6F81EB7}
	EndGlobalSection
EndGlobal
